
Microsoft Visual Studio Solution File, Format Version 12.00
# Visual Studio 15
VisualStudioVersion = 15.0.26430.6
MinimumVisualStudioVersion = 10.0.40219.1
Project("{FAE04EC0-301F-11D3-BF4B-00C04F79EFBC}") = "WantedEvent.Android", "WantedEvent\WantedEvent.Android\WantedEvent.Android.csproj", "{70DBF452-B49F-4605-95D3-FF700720BFC2}"
EndProject
Project("{FAE04EC0-301F-11D3-BF4B-00C04F79EFBC}") = "WantedEvent", "WantedEvent\WantedEvent\WantedEvent.csproj", "{F64627FB-7C99-4C30-AFC4-575FFB91FF50}"
EndProject
Project("{FAE04EC0-301F-11D3-BF4B-00C04F79EFBC}") = "WantedEvent.UWP", "WantedEvent\WantedEvent.UWP\WantedEvent.UWP.csproj", "{81ACC48A-ADB4-41D5-9BA5-6A1EC3122171}"
EndProject
Project("{FAE04EC0-301F-11D3-BF4B-00C04F79EFBC}") = "WantedEvent.iOS", "WantedEvent\WantedEvent.iOS\WantedEvent.iOS.csproj", "{B2A5F09F-3034-4F98-A624-EBD02455E125}"
EndProject
Global
	GlobalSection(SolutionConfigurationPlatforms) = preSolution
		Ad-Hoc|Any CPU = Ad-Hoc|Any CPU
		Ad-Hoc|ARM = Ad-Hoc|ARM
		Ad-Hoc|iPhone = Ad-Hoc|iPhone
		Ad-Hoc|iPhoneSimulator = Ad-Hoc|iPhoneSimulator
		Ad-Hoc|x64 = Ad-Hoc|x64
		Ad-Hoc|x86 = Ad-Hoc|x86
		AppStore|Any CPU = AppStore|Any CPU
		AppStore|ARM = AppStore|ARM
		AppStore|iPhone = AppStore|iPhone
		AppStore|iPhoneSimulator = AppStore|iPhoneSimulator
		AppStore|x64 = AppStore|x64
		AppStore|x86 = AppStore|x86
		Debug|Any CPU = Debug|Any CPU
		Debug|ARM = Debug|ARM
		Debug|iPhone = Debug|iPhone
		Debug|iPhoneSimulator = Debug|iPhoneSimulator
		Debug|x64 = Debug|x64
		Debug|x86 = Debug|x86
		Release|Any CPU = Release|Any CPU
		Release|ARM = Release|ARM
		Release|iPhone = Release|iPhone
		Release|iPhoneSimulator = Release|iPhoneSimulator
		Release|x64 = Release|x64
		Release|x86 = Release|x86
	EndGlobalSection
	GlobalSection(ProjectConfigurationPlatforms) = postSolution
		{70DBF452-B49F-4605-95D3-FF700720BFC2}.Ad-Hoc|Any CPU.ActiveCfg = Release|Any CPU
		{70DBF452-B49F-4605-95D3-FF700720BFC2}.Ad-Hoc|Any CPU.Build.0 = Release|Any CPU
		{70DBF452-B49F-4605-95D3-FF700720BFC2}.Ad-Hoc|Any CPU.Deploy.0 = Release|Any CPU
		{70DBF452-B49F-4605-95D3-FF700720BFC2}.Ad-Hoc|ARM.ActiveCfg = Release|Any CPU
		{70DBF452-B49F-4605-95D3-FF700720BFC2}.Ad-Hoc|ARM.Build.0 = Release|Any CPU
		{70DBF452-B49F-4605-95D3-FF700720BFC2}.Ad-Hoc|ARM.Deploy.0 = Release|Any CPU
		{70DBF452-B49F-4605-95D3-FF700720BFC2}.Ad-Hoc|iPhone.ActiveCfg = Release|Any CPU
		{70DBF452-B49F-4605-95D3-FF700720BFC2}.Ad-Hoc|iPhone.Build.0 = Release|Any CPU
		{70DBF452-B49F-4605-95D3-FF700720BFC2}.Ad-Hoc|iPhone.Deploy.0 = Release|Any CPU
		{70DBF452-B49F-4605-95D3-FF700720BFC2}.Ad-Hoc|iPhoneSimulator.ActiveCfg = Release|Any CPU
		{70DBF452-B49F-4605-95D3-FF700720BFC2}.Ad-Hoc|iPhoneSimulator.Build.0 = Release|Any CPU
		{70DBF452-B49F-4605-95D3-FF700720BFC2}.Ad-Hoc|iPhoneSimulator.Deploy.0 = Release|Any CPU
		{70DBF452-B49F-4605-95D3-FF700720BFC2}.Ad-Hoc|x64.ActiveCfg = Release|Any CPU
		{70DBF452-B49F-4605-95D3-FF700720BFC2}.Ad-Hoc|x64.Build.0 = Release|Any CPU
		{70DBF452-B49F-4605-95D3-FF700720BFC2}.Ad-Hoc|x64.Deploy.0 = Release|Any CPU
		{70DBF452-B49F-4605-95D3-FF700720BFC2}.Ad-Hoc|x86.ActiveCfg = Release|Any CPU
		{70DBF452-B49F-4605-95D3-FF700720BFC2}.Ad-Hoc|x86.Build.0 = Release|Any CPU
		{70DBF452-B49F-4605-95D3-FF700720BFC2}.Ad-Hoc|x86.Deploy.0 = Release|Any CPU
		{70DBF452-B49F-4605-95D3-FF700720BFC2}.AppStore|Any CPU.ActiveCfg = Release|Any CPU
		{70DBF452-B49F-4605-95D3-FF700720BFC2}.AppStore|Any CPU.Build.0 = Release|Any CPU
		{70DBF452-B49F-4605-95D3-FF700720BFC2}.AppStore|Any CPU.Deploy.0 = Release|Any CPU
		{70DBF452-B49F-4605-95D3-FF700720BFC2}.AppStore|ARM.ActiveCfg = Release|Any CPU
		{70DBF452-B49F-4605-95D3-FF700720BFC2}.AppStore|ARM.Build.0 = Release|Any CPU
		{70DBF452-B49F-4605-95D3-FF700720BFC2}.AppStore|ARM.Deploy.0 = Release|Any CPU
		{70DBF452-B49F-4605-95D3-FF700720BFC2}.AppStore|iPhone.ActiveCfg = Release|Any CPU
		{70DBF452-B49F-4605-95D3-FF700720BFC2}.AppStore|iPhone.Build.0 = Release|Any CPU
		{70DBF452-B49F-4605-95D3-FF700720BFC2}.AppStore|iPhone.Deploy.0 = Release|Any CPU
		{70DBF452-B49F-4605-95D3-FF700720BFC2}.AppStore|iPhoneSimulator.ActiveCfg = Release|Any CPU
		{70DBF452-B49F-4605-95D3-FF700720BFC2}.AppStore|iPhoneSimulator.Build.0 = Release|Any CPU
		{70DBF452-B49F-4605-95D3-FF700720BFC2}.AppStore|iPhoneSimulator.Deploy.0 = Release|Any CPU
		{70DBF452-B49F-4605-95D3-FF700720BFC2}.AppStore|x64.ActiveCfg = Release|Any CPU
		{70DBF452-B49F-4605-95D3-FF700720BFC2}.AppStore|x64.Build.0 = Release|Any CPU
		{70DBF452-B49F-4605-95D3-FF700720BFC2}.AppStore|x64.Deploy.0 = Release|Any CPU
		{70DBF452-B49F-4605-95D3-FF700720BFC2}.AppStore|x86.ActiveCfg = Release|Any CPU
		{70DBF452-B49F-4605-95D3-FF700720BFC2}.AppStore|x86.Build.0 = Release|Any CPU
		{70DBF452-B49F-4605-95D3-FF700720BFC2}.AppStore|x86.Deploy.0 = Release|Any CPU
		{70DBF452-B49F-4605-95D3-FF700720BFC2}.Debug|Any CPU.ActiveCfg = Debug|Any CPU
		{70DBF452-B49F-4605-95D3-FF700720BFC2}.Debug|Any CPU.Build.0 = Debug|Any CPU
		{70DBF452-B49F-4605-95D3-FF700720BFC2}.Debug|Any CPU.Deploy.0 = Debug|Any CPU
		{70DBF452-B49F-4605-95D3-FF700720BFC2}.Debug|ARM.ActiveCfg = Debug|Any CPU
		{70DBF452-B49F-4605-95D3-FF700720BFC2}.Debug|ARM.Build.0 = Debug|Any CPU
		{70DBF452-B49F-4605-95D3-FF700720BFC2}.Debug|ARM.Deploy.0 = Debug|Any CPU
		{70DBF452-B49F-4605-95D3-FF700720BFC2}.Debug|iPhone.ActiveCfg = Debug|Any CPU
		{70DBF452-B49F-4605-95D3-FF700720BFC2}.Debug|iPhone.Build.0 = Debug|Any CPU
		{70DBF452-B49F-4605-95D3-FF700720BFC2}.Debug|iPhone.Deploy.0 = Debug|Any CPU
		{70DBF452-B49F-4605-95D3-FF700720BFC2}.Debug|iPhoneSimulator.ActiveCfg = Debug|Any CPU
		{70DBF452-B49F-4605-95D3-FF700720BFC2}.Debug|iPhoneSimulator.Build.0 = Debug|Any CPU
		{70DBF452-B49F-4605-95D3-FF700720BFC2}.Debug|iPhoneSimulator.Deploy.0 = Debug|Any CPU
		{70DBF452-B49F-4605-95D3-FF700720BFC2}.Debug|x64.ActiveCfg = Debug|Any CPU
		{70DBF452-B49F-4605-95D3-FF700720BFC2}.Debug|x64.Build.0 = Debug|Any CPU
		{70DBF452-B49F-4605-95D3-FF700720BFC2}.Debug|x64.Deploy.0 = Debug|Any CPU
		{70DBF452-B49F-4605-95D3-FF700720BFC2}.Debug|x86.ActiveCfg = Debug|Any CPU
		{70DBF452-B49F-4605-95D3-FF700720BFC2}.Debug|x86.Build.0 = Debug|Any CPU
		{70DBF452-B49F-4605-95D3-FF700720BFC2}.Debug|x86.Deploy.0 = Debug|Any CPU
		{70DBF452-B49F-4605-95D3-FF700720BFC2}.Release|Any CPU.ActiveCfg = Release|Any CPU
		{70DBF452-B49F-4605-95D3-FF700720BFC2}.Release|Any CPU.Build.0 = Release|Any CPU
		{70DBF452-B49F-4605-95D3-FF700720BFC2}.Release|Any CPU.Deploy.0 = Release|Any CPU
		{70DBF452-B49F-4605-95D3-FF700720BFC2}.Release|ARM.ActiveCfg = Release|Any CPU
		{70DBF452-B49F-4605-95D3-FF700720BFC2}.Release|ARM.Build.0 = Release|Any CPU
		{70DBF452-B49F-4605-95D3-FF700720BFC2}.Release|ARM.Deploy.0 = Release|Any CPU
		{70DBF452-B49F-4605-95D3-FF700720BFC2}.Release|iPhone.ActiveCfg = Release|Any CPU
		{70DBF452-B49F-4605-95D3-FF700720BFC2}.Release|iPhone.Build.0 = Release|Any CPU
		{70DBF452-B49F-4605-95D3-FF700720BFC2}.Release|iPhone.Deploy.0 = Release|Any CPU
		{70DBF452-B49F-4605-95D3-FF700720BFC2}.Release|iPhoneSimulator.ActiveCfg = Release|Any CPU
		{70DBF452-B49F-4605-95D3-FF700720BFC2}.Release|iPhoneSimulator.Build.0 = Release|Any CPU
		{70DBF452-B49F-4605-95D3-FF700720BFC2}.Release|iPhoneSimulator.Deploy.0 = Release|Any CPU
		{70DBF452-B49F-4605-95D3-FF700720BFC2}.Release|x64.ActiveCfg = Release|Any CPU
		{70DBF452-B49F-4605-95D3-FF700720BFC2}.Release|x64.Build.0 = Release|Any CPU
		{70DBF452-B49F-4605-95D3-FF700720BFC2}.Release|x64.Deploy.0 = Release|Any CPU
		{70DBF452-B49F-4605-95D3-FF700720BFC2}.Release|x86.ActiveCfg = Release|Any CPU
		{70DBF452-B49F-4605-95D3-FF700720BFC2}.Release|x86.Build.0 = Release|Any CPU
		{70DBF452-B49F-4605-95D3-FF700720BFC2}.Release|x86.Deploy.0 = Release|Any CPU
		{F64627FB-7C99-4C30-AFC4-575FFB91FF50}.Ad-Hoc|Any CPU.ActiveCfg = Release|Any CPU
		{F64627FB-7C99-4C30-AFC4-575FFB91FF50}.Ad-Hoc|Any CPU.Build.0 = Release|Any CPU
		{F64627FB-7C99-4C30-AFC4-575FFB91FF50}.Ad-Hoc|ARM.ActiveCfg = Release|Any CPU
		{F64627FB-7C99-4C30-AFC4-575FFB91FF50}.Ad-Hoc|ARM.Build.0 = Release|Any CPU
		{F64627FB-7C99-4C30-AFC4-575FFB91FF50}.Ad-Hoc|iPhone.ActiveCfg = Release|Any CPU
		{F64627FB-7C99-4C30-AFC4-575FFB91FF50}.Ad-Hoc|iPhone.Build.0 = Release|Any CPU
		{F64627FB-7C99-4C30-AFC4-575FFB91FF50}.Ad-Hoc|iPhoneSimulator.ActiveCfg = Release|Any CPU
		{F64627FB-7C99-4C30-AFC4-575FFB91FF50}.Ad-Hoc|iPhoneSimulator.Build.0 = Release|Any CPU
		{F64627FB-7C99-4C30-AFC4-575FFB91FF50}.Ad-Hoc|x64.ActiveCfg = Release|Any CPU
		{F64627FB-7C99-4C30-AFC4-575FFB91FF50}.Ad-Hoc|x64.Build.0 = Release|Any CPU
		{F64627FB-7C99-4C30-AFC4-575FFB91FF50}.Ad-Hoc|x86.ActiveCfg = Release|Any CPU
		{F64627FB-7C99-4C30-AFC4-575FFB91FF50}.Ad-Hoc|x86.Build.0 = Release|Any CPU
		{F64627FB-7C99-4C30-AFC4-575FFB91FF50}.AppStore|Any CPU.ActiveCfg = Release|Any CPU
		{F64627FB-7C99-4C30-AFC4-575FFB91FF50}.AppStore|Any CPU.Build.0 = Release|Any CPU
		{F64627FB-7C99-4C30-AFC4-575FFB91FF50}.AppStore|ARM.ActiveCfg = Release|Any CPU
		{F64627FB-7C99-4C30-AFC4-575FFB91FF50}.AppStore|ARM.Build.0 = Release|Any CPU
		{F64627FB-7C99-4C30-AFC4-575FFB91FF50}.AppStore|iPhone.ActiveCfg = Release|Any CPU
		{F64627FB-7C99-4C30-AFC4-575FFB91FF50}.AppStore|iPhone.Build.0 = Release|Any CPU
		{F64627FB-7C99-4C30-AFC4-575FFB91FF50}.AppStore|iPhoneSimulator.ActiveCfg = Release|Any CPU
		{F64627FB-7C99-4C30-AFC4-575FFB91FF50}.AppStore|iPhoneSimulator.Build.0 = Release|Any CPU
		{F64627FB-7C99-4C30-AFC4-575FFB91FF50}.AppStore|x64.ActiveCfg = Release|Any CPU
		{F64627FB-7C99-4C30-AFC4-575FFB91FF50}.AppStore|x64.Build.0 = Release|Any CPU
		{F64627FB-7C99-4C30-AFC4-575FFB91FF50}.AppStore|x86.ActiveCfg = Release|Any CPU
		{F64627FB-7C99-4C30-AFC4-575FFB91FF50}.AppStore|x86.Build.0 = Release|Any CPU
		{F64627FB-7C99-4C30-AFC4-575FFB91FF50}.Debug|Any CPU.ActiveCfg = Debug|Any CPU
		{F64627FB-7C99-4C30-AFC4-575FFB91FF50}.Debug|Any CPU.Build.0 = Debug|Any CPU
		{F64627FB-7C99-4C30-AFC4-575FFB91FF50}.Debug|ARM.ActiveCfg = Debug|Any CPU
		{F64627FB-7C99-4C30-AFC4-575FFB91FF50}.Debug|ARM.Build.0 = Debug|Any CPU
		{F64627FB-7C99-4C30-AFC4-575FFB91FF50}.Debug|iPhone.ActiveCfg = Debug|Any CPU
		{F64627FB-7C99-4C30-AFC4-575FFB91FF50}.Debug|iPhone.Build.0 = Debug|Any CPU
		{F64627FB-7C99-4C30-AFC4-575FFB91FF50}.Debug|iPhoneSimulator.ActiveCfg = Debug|Any CPU
		{F64627FB-7C99-4C30-AFC4-575FFB91FF50}.Debug|iPhoneSimulator.Build.0 = Debug|Any CPU
		{F64627FB-7C99-4C30-AFC4-575FFB91FF50}.Debug|x64.ActiveCfg = Debug|Any CPU
		{F64627FB-7C99-4C30-AFC4-575FFB91FF50}.Debug|x64.Build.0 = Debug|Any CPU
		{F64627FB-7C99-4C30-AFC4-575FFB91FF50}.Debug|x86.ActiveCfg = Debug|Any CPU
		{F64627FB-7C99-4C30-AFC4-575FFB91FF50}.Debug|x86.Build.0 = Debug|Any CPU
		{F64627FB-7C99-4C30-AFC4-575FFB91FF50}.Release|Any CPU.ActiveCfg = Release|Any CPU
		{F64627FB-7C99-4C30-AFC4-575FFB91FF50}.Release|Any CPU.Build.0 = Release|Any CPU
		{F64627FB-7C99-4C30-AFC4-575FFB91FF50}.Release|ARM.ActiveCfg = Release|Any CPU
		{F64627FB-7C99-4C30-AFC4-575FFB91FF50}.Release|ARM.Build.0 = Release|Any CPU
		{F64627FB-7C99-4C30-AFC4-575FFB91FF50}.Release|iPhone.ActiveCfg = Release|Any CPU
		{F64627FB-7C99-4C30-AFC4-575FFB91FF50}.Release|iPhone.Build.0 = Release|Any CPU
		{F64627FB-7C99-4C30-AFC4-575FFB91FF50}.Release|iPhoneSimulator.ActiveCfg = Release|Any CPU
		{F64627FB-7C99-4C30-AFC4-575FFB91FF50}.Release|iPhoneSimulator.Build.0 = Release|Any CPU
		{F64627FB-7C99-4C30-AFC4-575FFB91FF50}.Release|x64.ActiveCfg = Release|Any CPU
		{F64627FB-7C99-4C30-AFC4-575FFB91FF50}.Release|x64.Build.0 = Release|Any CPU
		{F64627FB-7C99-4C30-AFC4-575FFB91FF50}.Release|x86.ActiveCfg = Release|Any CPU
		{F64627FB-7C99-4C30-AFC4-575FFB91FF50}.Release|x86.Build.0 = Release|Any CPU
		{81ACC48A-ADB4-41D5-9BA5-6A1EC3122171}.Ad-Hoc|Any CPU.ActiveCfg = Release|x86
		{81ACC48A-ADB4-41D5-9BA5-6A1EC3122171}.Ad-Hoc|Any CPU.Build.0 = Release|x86
		{81ACC48A-ADB4-41D5-9BA5-6A1EC3122171}.Ad-Hoc|Any CPU.Deploy.0 = Release|x86
		{81ACC48A-ADB4-41D5-9BA5-6A1EC3122171}.Ad-Hoc|ARM.ActiveCfg = Release|ARM
		{81ACC48A-ADB4-41D5-9BA5-6A1EC3122171}.Ad-Hoc|ARM.Build.0 = Release|ARM
		{81ACC48A-ADB4-41D5-9BA5-6A1EC3122171}.Ad-Hoc|ARM.Deploy.0 = Release|ARM
		{81ACC48A-ADB4-41D5-9BA5-6A1EC3122171}.Ad-Hoc|iPhone.ActiveCfg = Release|x86
		{81ACC48A-ADB4-41D5-9BA5-6A1EC3122171}.Ad-Hoc|iPhone.Build.0 = Release|x86
		{81ACC48A-ADB4-41D5-9BA5-6A1EC3122171}.Ad-Hoc|iPhone.Deploy.0 = Release|x86
		{81ACC48A-ADB4-41D5-9BA5-6A1EC3122171}.Ad-Hoc|iPhoneSimulator.ActiveCfg = Release|x86
		{81ACC48A-ADB4-41D5-9BA5-6A1EC3122171}.Ad-Hoc|iPhoneSimulator.Build.0 = Release|x86
		{81ACC48A-ADB4-41D5-9BA5-6A1EC3122171}.Ad-Hoc|iPhoneSimulator.Deploy.0 = Release|x86
		{81ACC48A-ADB4-41D5-9BA5-6A1EC3122171}.Ad-Hoc|x64.ActiveCfg = Release|x64
		{81ACC48A-ADB4-41D5-9BA5-6A1EC3122171}.Ad-Hoc|x64.Build.0 = Release|x64
		{81ACC48A-ADB4-41D5-9BA5-6A1EC3122171}.Ad-Hoc|x64.Deploy.0 = Release|x64
		{81ACC48A-ADB4-41D5-9BA5-6A1EC3122171}.Ad-Hoc|x86.ActiveCfg = Release|x86
		{81ACC48A-ADB4-41D5-9BA5-6A1EC3122171}.Ad-Hoc|x86.Build.0 = Release|x86
		{81ACC48A-ADB4-41D5-9BA5-6A1EC3122171}.Ad-Hoc|x86.Deploy.0 = Release|x86
		{81ACC48A-ADB4-41D5-9BA5-6A1EC3122171}.AppStore|Any CPU.ActiveCfg = Release|x86
		{81ACC48A-ADB4-41D5-9BA5-6A1EC3122171}.AppStore|Any CPU.Build.0 = Release|x86
		{81ACC48A-ADB4-41D5-9BA5-6A1EC3122171}.AppStore|Any CPU.Deploy.0 = Release|x86
		{81ACC48A-ADB4-41D5-9BA5-6A1EC3122171}.AppStore|ARM.ActiveCfg = Release|ARM
		{81ACC48A-ADB4-41D5-9BA5-6A1EC3122171}.AppStore|ARM.Build.0 = Release|ARM
		{81ACC48A-ADB4-41D5-9BA5-6A1EC3122171}.AppStore|ARM.Deploy.0 = Release|ARM
		{81ACC48A-ADB4-41D5-9BA5-6A1EC3122171}.AppStore|iPhone.ActiveCfg = Release|x86
		{81ACC48A-ADB4-41D5-9BA5-6A1EC3122171}.AppStore|iPhone.Build.0 = Release|x86
		{81ACC48A-ADB4-41D5-9BA5-6A1EC3122171}.AppStore|iPhone.Deploy.0 = Release|x86
		{81ACC48A-ADB4-41D5-9BA5-6A1EC3122171}.AppStore|iPhoneSimulator.ActiveCfg = Release|x86
		{81ACC48A-ADB4-41D5-9BA5-6A1EC3122171}.AppStore|iPhoneSimulator.Build.0 = Release|x86
		{81ACC48A-ADB4-41D5-9BA5-6A1EC3122171}.AppStore|iPhoneSimulator.Deploy.0 = Release|x86
		{81ACC48A-ADB4-41D5-9BA5-6A1EC3122171}.AppStore|x64.ActiveCfg = Release|x64
		{81ACC48A-ADB4-41D5-9BA5-6A1EC3122171}.AppStore|x64.Build.0 = Release|x64
		{81ACC48A-ADB4-41D5-9BA5-6A1EC3122171}.AppStore|x64.Deploy.0 = Release|x64
		{81ACC48A-ADB4-41D5-9BA5-6A1EC3122171}.AppStore|x86.ActiveCfg = Release|x86
		{81ACC48A-ADB4-41D5-9BA5-6A1EC3122171}.AppStore|x86.Build.0 = Release|x86
		{81ACC48A-ADB4-41D5-9BA5-6A1EC3122171}.AppStore|x86.Deploy.0 = Release|x86
		{81ACC48A-ADB4-41D5-9BA5-6A1EC3122171}.Debug|Any CPU.ActiveCfg = Debug|x86
		{81ACC48A-ADB4-41D5-9BA5-6A1EC3122171}.Debug|ARM.ActiveCfg = Debug|ARM
		{81ACC48A-ADB4-41D5-9BA5-6A1EC3122171}.Debug|ARM.Build.0 = Debug|ARM
		{81ACC48A-ADB4-41D5-9BA5-6A1EC3122171}.Debug|ARM.Deploy.0 = Debug|ARM
		{81ACC48A-ADB4-41D5-9BA5-6A1EC3122171}.Debug|iPhone.ActiveCfg = Debug|x86
		{81ACC48A-ADB4-41D5-9BA5-6A1EC3122171}.Debug|iPhoneSimulator.ActiveCfg = Debug|x86
		{81ACC48A-ADB4-41D5-9BA5-6A1EC3122171}.Debug|x64.ActiveCfg = Debug|x64
		{81ACC48A-ADB4-41D5-9BA5-6A1EC3122171}.Debug|x64.Build.0 = Debug|x64
		{81ACC48A-ADB4-41D5-9BA5-6A1EC3122171}.Debug|x64.Deploy.0 = Debug|x64
		{81ACC48A-ADB4-41D5-9BA5-6A1EC3122171}.Debug|x86.ActiveCfg = Debug|x86
		{81ACC48A-ADB4-41D5-9BA5-6A1EC3122171}.Debug|x86.Build.0 = Debug|x86
		{81ACC48A-ADB4-41D5-9BA5-6A1EC3122171}.Debug|x86.Deploy.0 = Debug|x86
		{81ACC48A-ADB4-41D5-9BA5-6A1EC3122171}.Release|Any CPU.ActiveCfg = Release|x86
		{81ACC48A-ADB4-41D5-9BA5-6A1EC3122171}.Release|ARM.ActiveCfg = Release|ARM
		{81ACC48A-ADB4-41D5-9BA5-6A1EC3122171}.Release|ARM.Build.0 = Release|ARM
		{81ACC48A-ADB4-41D5-9BA5-6A1EC3122171}.Release|ARM.Deploy.0 = Release|ARM
		{81ACC48A-ADB4-41D5-9BA5-6A1EC3122171}.Release|iPhone.ActiveCfg = Release|x86
		{81ACC48A-ADB4-41D5-9BA5-6A1EC3122171}.Release|iPhoneSimulator.ActiveCfg = Release|x86
		{81ACC48A-ADB4-41D5-9BA5-6A1EC3122171}.Release|x64.ActiveCfg = Release|x64
		{81ACC48A-ADB4-41D5-9BA5-6A1EC3122171}.Release|x64.Build.0 = Release|x64
		{81ACC48A-ADB4-41D5-9BA5-6A1EC3122171}.Release|x64.Deploy.0 = Release|x64
		{81ACC48A-ADB4-41D5-9BA5-6A1EC3122171}.Release|x86.ActiveCfg = Release|x86
		{81ACC48A-ADB4-41D5-9BA5-6A1EC3122171}.Release|x86.Build.0 = Release|x86
		{81ACC48A-ADB4-41D5-9BA5-6A1EC3122171}.Release|x86.Deploy.0 = Release|x86
		{B2A5F09F-3034-4F98-A624-EBD02455E125}.Ad-Hoc|Any CPU.ActiveCfg = Ad-Hoc|iPhone
		{B2A5F09F-3034-4F98-A624-EBD02455E125}.Ad-Hoc|ARM.ActiveCfg = Ad-Hoc|iPhone
		{B2A5F09F-3034-4F98-A624-EBD02455E125}.Ad-Hoc|iPhone.ActiveCfg = Ad-Hoc|iPhone
		{B2A5F09F-3034-4F98-A624-EBD02455E125}.Ad-Hoc|iPhone.Build.0 = Ad-Hoc|iPhone
		{B2A5F09F-3034-4F98-A624-EBD02455E125}.Ad-Hoc|iPhoneSimulator.ActiveCfg = Ad-Hoc|iPhoneSimulator
		{B2A5F09F-3034-4F98-A624-EBD02455E125}.Ad-Hoc|iPhoneSimulator.Build.0 = Ad-Hoc|iPhoneSimulator
		{B2A5F09F-3034-4F98-A624-EBD02455E125}.Ad-Hoc|x64.ActiveCfg = Ad-Hoc|iPhone
		{B2A5F09F-3034-4F98-A624-EBD02455E125}.Ad-Hoc|x86.ActiveCfg = Ad-Hoc|iPhone
		{B2A5F09F-3034-4F98-A624-EBD02455E125}.AppStore|Any CPU.ActiveCfg = AppStore|iPhone
		{B2A5F09F-3034-4F98-A624-EBD02455E125}.AppStore|ARM.ActiveCfg = AppStore|iPhone
		{B2A5F09F-3034-4F98-A624-EBD02455E125}.AppStore|iPhone.ActiveCfg = AppStore|iPhone
		{B2A5F09F-3034-4F98-A624-EBD02455E125}.AppStore|iPhone.Build.0 = AppStore|iPhone
		{B2A5F09F-3034-4F98-A624-EBD02455E125}.AppStore|iPhoneSimulator.ActiveCfg = AppStore|iPhoneSimulator
		{B2A5F09F-3034-4F98-A624-EBD02455E125}.AppStore|iPhoneSimulator.Build.0 = AppStore|iPhoneSimulator
		{B2A5F09F-3034-4F98-A624-EBD02455E125}.AppStore|x64.ActiveCfg = AppStore|iPhone
		{B2A5F09F-3034-4F98-A624-EBD02455E125}.AppStore|x86.ActiveCfg = AppStore|iPhone
		{B2A5F09F-3034-4F98-A624-EBD02455E125}.Debug|Any CPU.ActiveCfg = Debug|iPhone
		{B2A5F09F-3034-4F98-A624-EBD02455E125}.Debug|ARM.ActiveCfg = Debug|iPhone
		{B2A5F09F-3034-4F98-A624-EBD02455E125}.Debug|iPhone.ActiveCfg = Debug|iPhone
		{B2A5F09F-3034-4F98-A624-EBD02455E125}.Debug|iPhone.Build.0 = Debug|iPhone
		{B2A5F09F-3034-4F98-A624-EBD02455E125}.Debug|iPhoneSimulator.ActiveCfg = Debug|iPhoneSimulator
		{B2A5F09F-3034-4F98-A624-EBD02455E125}.Debug|iPhoneSimulator.Build.0 = Debug|iPhoneSimulator
		{B2A5F09F-3034-4F98-A624-EBD02455E125}.Debug|x64.ActiveCfg = Debug|iPhone
		{B2A5F09F-3034-4F98-A624-EBD02455E125}.Debug|x86.ActiveCfg = Debug|iPhone
		{B2A5F09F-3034-4F98-A624-EBD02455E125}.Release|Any CPU.ActiveCfg = Release|iPhone
		{B2A5F09F-3034-4F98-A624-EBD02455E125}.Release|ARM.ActiveCfg = Release|iPhone
		{B2A5F09F-3034-4F98-A624-EBD02455E125}.Release|iPhone.ActiveCfg = Release|iPhone
		{B2A5F09F-3034-4F98-A624-EBD02455E125}.Release|iPhone.Build.0 = Release|iPhone
		{B2A5F09F-3034-4F98-A624-EBD02455E125}.Release|iPhoneSimulator.ActiveCfg = Release|iPhoneSimulator
		{B2A5F09F-3034-4F98-A624-EBD02455E125}.Release|iPhoneSimulator.Build.0 = Release|iPhoneSimulator
		{B2A5F09F-3034-4F98-A624-EBD02455E125}.Release|x64.ActiveCfg = Release|iPhone
		{B2A5F09F-3034-4F98-A624-EBD02455E125}.Release|x86.ActiveCfg = Release|iPhone
	EndGlobalSection
	GlobalSection(SolutionProperties) = preSolution
		HideSolutionNode = FALSE
	EndGlobalSection
EndGlobal
